
Microsoft Visual Studio Solution File, Format Version 12.00
# Visual Studio 2013
VisualStudioVersion = 12.0.31101.0
MinimumVisualStudioVersion = 10.0.40219.1
Project("{FAE04EC0-301F-11D3-BF4B-00C04F79EFBC}") = "WarmStorage.EventProcessor", "WarmStorage.EventProcessor.csproj", "{57590971-00E1-4898-85A6-B6A967D78437}"
EndProject
Project("{FAE04EC0-301F-11D3-BF4B-00C04F79EFBC}") = "WarmStorage.EventProcessor.ConsoleHost", "..\WarmStorage.EventProcessor.ConsoleHost\WarmStorage.EventProcessor.ConsoleHost.csproj", "{204F4DFB-54F9-414B-A34F-BC6214E4204F}"
EndProject
Project("{FAE04EC0-301F-11D3-BF4B-00C04F79EFBC}") = "WarmStorage.EventProcessor.Tests", "..\WarmStorage.EventProcessor.Tests\WarmStorage.EventProcessor.Tests.csproj", "{722E54FE-CE5A-460E-B74B-0410443A13F2}"
EndProject
Global
	GlobalSection(SolutionConfigurationPlatforms) = preSolution
		Debug|Any CPU = Debug|Any CPU
		Release|Any CPU = Release|Any CPU
	EndGlobalSection
	GlobalSection(ProjectConfigurationPlatforms) = postSolution
		{57590971-00E1-4898-85A6-B6A967D78437}.Debug|Any CPU.ActiveCfg = Debug|Any CPU
		{57590971-00E1-4898-85A6-B6A967D78437}.Debug|Any CPU.Build.0 = Debug|Any CPU
		{57590971-00E1-4898-85A6-B6A967D78437}.Release|Any CPU.ActiveCfg = Release|Any CPU
		{57590971-00E1-4898-85A6-B6A967D78437}.Release|Any CPU.Build.0 = Release|Any CPU
		{204F4DFB-54F9-414B-A34F-BC6214E4204F}.Debug|Any CPU.ActiveCfg = Debug|Any CPU
		{204F4DFB-54F9-414B-A34F-BC6214E4204F}.Debug|Any CPU.Build.0 = Debug|Any CPU
		{204F4DFB-54F9-414B-A34F-BC6214E4204F}.Release|Any CPU.ActiveCfg = Release|Any CPU
		{204F4DFB-54F9-414B-A34F-BC6214E4204F}.Release|Any CPU.Build.0 = Release|Any CPU
		{722E54FE-CE5A-460E-B74B-0410443A13F2}.Debug|Any CPU.ActiveCfg = Debug|Any CPU
		{722E54FE-CE5A-460E-B74B-0410443A13F2}.Debug|Any CPU.Build.0 = Debug|Any CPU
		{722E54FE-CE5A-460E-B74B-0410443A13F2}.Release|Any CPU.ActiveCfg = Release|Any CPU
		{722E54FE-CE5A-460E-B74B-0410443A13F2}.Release|Any CPU.Build.0 = Release|Any CPU
	EndGlobalSection
	GlobalSection(SolutionProperties) = preSolution
		HideSolutionNode = FALSE
	EndGlobalSection
EndGlobal
