
Microsoft Visual Studio Solution File, Format Version 12.00
# Visual Studio 2013
VisualStudioVersion = 12.0.31101.0
MinimumVisualStudioVersion = 10.0.40219.1
Project("{FAE04EC0-301F-11D3-BF4B-00C04F79EFBC}") = "ScenarioSimulator.ConsoleHost", "RunFromConsole\ScenarioSimulator.ConsoleHost\ScenarioSimulator.ConsoleHost.csproj", "{AF2D23B3-5494-46B7-A617-89E1DA8514EE}"
EndProject
Project("{FAE04EC0-301F-11D3-BF4B-00C04F79EFBC}") = "Core", "Implementation\Shared\Core\Core.csproj", "{B3657B80-640F-4D72-885E-E9F9729BAC18}"
EndProject
Project("{FAE04EC0-301F-11D3-BF4B-00C04F79EFBC}") = "ScenarioSimulator", "Implementation\Simulator\ScenarioSimulator\ScenarioSimulator.csproj", "{C05007FD-008C-45C9-A0B0-DD39F0A20E35}"
EndProject
Project("{FAE04EC0-301F-11D3-BF4B-00C04F79EFBC}") = "Tests.Common", "Implementation\Shared\Tests.Common\Tests.Common.csproj", "{769C50C0-1627-4834-824A-A77B2C303F9D}"
EndProject
Project("{FAE04EC0-301F-11D3-BF4B-00C04F79EFBC}") = "Devices.Events", "Implementation\Shared\Devices.Events\Devices.Events.csproj", "{879FC82C-62A5-4EA7-A0D0-34968B2BD4EC}"
EndProject
Project("{FAE04EC0-301F-11D3-BF4B-00C04F79EFBC}") = "ScenarioSimulator.Tests", "Implementation\Simulator\ScenarioSimulator.Tests\ScenarioSimulator.Tests.csproj", "{3101277B-B7D3-40D3-A9D8-6A1CFA68FF53}"
EndProject
Project("{2150E333-8FDC-42A3-9474-1A3956D46DE8}") = "UnitTests", "UnitTests", "{A6F98EEB-4AF8-463D-A966-38E2261A6A46}"
EndProject
Project("{FAE04EC0-301F-11D3-BF4B-00C04F79EFBC}") = "Core.Tests", "Implementation\Shared\Core.Tests\Core.Tests.csproj", "{3143B976-6447-4337-A868-5457CEC540ED}"
EndProject
Project("{2150E333-8FDC-42A3-9474-1A3956D46DE8}") = "RunFromConsole", "RunFromConsole", "{29023AFB-F4E5-4088-BB92-3EDDAD30DD77}"
EndProject
Project("{FAE04EC0-301F-11D3-BF4B-00C04F79EFBC}") = "ColdStorage.ConsoleHost", "RunFromConsole\ColdStorage.ConsoleHost\ColdStorage.ConsoleHost.csproj", "{1E5949F1-8E52-4791-8FBE-CE38DBD00DC5}"
EndProject
Project("{FAE04EC0-301F-11D3-BF4B-00C04F79EFBC}") = "ColdStorage.Tests", "Implementation\ColdStorage\ColdStorageTests\ColdStorage.Tests.csproj", "{5990E15A-7239-4B4A-B59B-495C73063B4B}"
EndProject
Project("{FAE04EC0-301F-11D3-BF4B-00C04F79EFBC}") = "ColdStorage", "Implementation\ColdStorage\ColdStorage\ColdStorage.csproj", "{6D15D1EF-A00C-4E2E-AEFB-6DA23BEA107F}"
EndProject
Project("{FAE04EC0-301F-11D3-BF4B-00C04F79EFBC}") = "WarmStorage.ConsoleHost", "RunFromConsole\WarmStorage.ConsoleHost\WarmStorage.ConsoleHost.csproj", "{204F4DFB-54F9-414B-A34F-BC6214E4204F}"
EndProject
Project("{FAE04EC0-301F-11D3-BF4B-00C04F79EFBC}") = "WarmStorage", "Implementation\WarmStorage\WarmStorage\WarmStorage.csproj", "{57590971-00E1-4898-85A6-B6A967D78437}"
EndProject
Project("{FAE04EC0-301F-11D3-BF4B-00C04F79EFBC}") = "WarmStorage.Tests", "Implementation\WarmStorage\WarmStorageTests\WarmStorage.Tests.csproj", "{722E54FE-CE5A-460E-B74B-0410443A13F2}"
EndProject
Global
	GlobalSection(SolutionConfigurationPlatforms) = preSolution
		Debug|Any CPU = Debug|Any CPU
		Release|Any CPU = Release|Any CPU
	EndGlobalSection
	GlobalSection(ProjectConfigurationPlatforms) = postSolution
		{AF2D23B3-5494-46B7-A617-89E1DA8514EE}.Debug|Any CPU.ActiveCfg = Debug|Any CPU
		{AF2D23B3-5494-46B7-A617-89E1DA8514EE}.Debug|Any CPU.Build.0 = Debug|Any CPU
		{AF2D23B3-5494-46B7-A617-89E1DA8514EE}.Release|Any CPU.ActiveCfg = Release|Any CPU
		{AF2D23B3-5494-46B7-A617-89E1DA8514EE}.Release|Any CPU.Build.0 = Release|Any CPU
		{B3657B80-640F-4D72-885E-E9F9729BAC18}.Debug|Any CPU.ActiveCfg = Debug|Any CPU
		{B3657B80-640F-4D72-885E-E9F9729BAC18}.Debug|Any CPU.Build.0 = Debug|Any CPU
		{B3657B80-640F-4D72-885E-E9F9729BAC18}.Release|Any CPU.ActiveCfg = Release|Any CPU
		{B3657B80-640F-4D72-885E-E9F9729BAC18}.Release|Any CPU.Build.0 = Release|Any CPU
		{C05007FD-008C-45C9-A0B0-DD39F0A20E35}.Debug|Any CPU.ActiveCfg = Debug|Any CPU
		{C05007FD-008C-45C9-A0B0-DD39F0A20E35}.Debug|Any CPU.Build.0 = Debug|Any CPU
		{C05007FD-008C-45C9-A0B0-DD39F0A20E35}.Release|Any CPU.ActiveCfg = Release|Any CPU
		{C05007FD-008C-45C9-A0B0-DD39F0A20E35}.Release|Any CPU.Build.0 = Release|Any CPU
		{769C50C0-1627-4834-824A-A77B2C303F9D}.Debug|Any CPU.ActiveCfg = Debug|Any CPU
		{769C50C0-1627-4834-824A-A77B2C303F9D}.Debug|Any CPU.Build.0 = Debug|Any CPU
		{769C50C0-1627-4834-824A-A77B2C303F9D}.Release|Any CPU.ActiveCfg = Release|Any CPU
		{769C50C0-1627-4834-824A-A77B2C303F9D}.Release|Any CPU.Build.0 = Release|Any CPU
		{879FC82C-62A5-4EA7-A0D0-34968B2BD4EC}.Debug|Any CPU.ActiveCfg = Debug|Any CPU
		{879FC82C-62A5-4EA7-A0D0-34968B2BD4EC}.Debug|Any CPU.Build.0 = Debug|Any CPU
		{879FC82C-62A5-4EA7-A0D0-34968B2BD4EC}.Release|Any CPU.ActiveCfg = Release|Any CPU
		{879FC82C-62A5-4EA7-A0D0-34968B2BD4EC}.Release|Any CPU.Build.0 = Release|Any CPU
		{3101277B-B7D3-40D3-A9D8-6A1CFA68FF53}.Debug|Any CPU.ActiveCfg = Debug|Any CPU
		{3101277B-B7D3-40D3-A9D8-6A1CFA68FF53}.Debug|Any CPU.Build.0 = Debug|Any CPU
		{3101277B-B7D3-40D3-A9D8-6A1CFA68FF53}.Release|Any CPU.ActiveCfg = Release|Any CPU
		{3101277B-B7D3-40D3-A9D8-6A1CFA68FF53}.Release|Any CPU.Build.0 = Release|Any CPU
		{3143B976-6447-4337-A868-5457CEC540ED}.Debug|Any CPU.ActiveCfg = Debug|Any CPU
		{3143B976-6447-4337-A868-5457CEC540ED}.Debug|Any CPU.Build.0 = Debug|Any CPU
		{3143B976-6447-4337-A868-5457CEC540ED}.Release|Any CPU.ActiveCfg = Release|Any CPU
		{3143B976-6447-4337-A868-5457CEC540ED}.Release|Any CPU.Build.0 = Release|Any CPU
		{1E5949F1-8E52-4791-8FBE-CE38DBD00DC5}.Debug|Any CPU.ActiveCfg = Debug|Any CPU
		{1E5949F1-8E52-4791-8FBE-CE38DBD00DC5}.Debug|Any CPU.Build.0 = Debug|Any CPU
		{1E5949F1-8E52-4791-8FBE-CE38DBD00DC5}.Release|Any CPU.ActiveCfg = Release|Any CPU
		{1E5949F1-8E52-4791-8FBE-CE38DBD00DC5}.Release|Any CPU.Build.0 = Release|Any CPU
		{5990E15A-7239-4B4A-B59B-495C73063B4B}.Debug|Any CPU.ActiveCfg = Debug|Any CPU
		{5990E15A-7239-4B4A-B59B-495C73063B4B}.Debug|Any CPU.Build.0 = Debug|Any CPU
		{5990E15A-7239-4B4A-B59B-495C73063B4B}.Release|Any CPU.ActiveCfg = Release|Any CPU
		{5990E15A-7239-4B4A-B59B-495C73063B4B}.Release|Any CPU.Build.0 = Release|Any CPU
		{6D15D1EF-A00C-4E2E-AEFB-6DA23BEA107F}.Debug|Any CPU.ActiveCfg = Debug|Any CPU
		{6D15D1EF-A00C-4E2E-AEFB-6DA23BEA107F}.Debug|Any CPU.Build.0 = Debug|Any CPU
		{6D15D1EF-A00C-4E2E-AEFB-6DA23BEA107F}.Release|Any CPU.ActiveCfg = Release|Any CPU
		{6D15D1EF-A00C-4E2E-AEFB-6DA23BEA107F}.Release|Any CPU.Build.0 = Release|Any CPU
		{204F4DFB-54F9-414B-A34F-BC6214E4204F}.Debug|Any CPU.ActiveCfg = Debug|Any CPU
		{204F4DFB-54F9-414B-A34F-BC6214E4204F}.Debug|Any CPU.Build.0 = Debug|Any CPU
		{204F4DFB-54F9-414B-A34F-BC6214E4204F}.Release|Any CPU.ActiveCfg = Release|Any CPU
		{204F4DFB-54F9-414B-A34F-BC6214E4204F}.Release|Any CPU.Build.0 = Release|Any CPU
		{57590971-00E1-4898-85A6-B6A967D78437}.Debug|Any CPU.ActiveCfg = Debug|Any CPU
		{57590971-00E1-4898-85A6-B6A967D78437}.Debug|Any CPU.Build.0 = Debug|Any CPU
		{57590971-00E1-4898-85A6-B6A967D78437}.Release|Any CPU.ActiveCfg = Release|Any CPU
		{57590971-00E1-4898-85A6-B6A967D78437}.Release|Any CPU.Build.0 = Release|Any CPU
		{722E54FE-CE5A-460E-B74B-0410443A13F2}.Debug|Any CPU.ActiveCfg = Debug|Any CPU
		{722E54FE-CE5A-460E-B74B-0410443A13F2}.Debug|Any CPU.Build.0 = Debug|Any CPU
		{722E54FE-CE5A-460E-B74B-0410443A13F2}.Release|Any CPU.ActiveCfg = Release|Any CPU
		{722E54FE-CE5A-460E-B74B-0410443A13F2}.Release|Any CPU.Build.0 = Release|Any CPU
	EndGlobalSection
	GlobalSection(SolutionProperties) = preSolution
		HideSolutionNode = FALSE
	EndGlobalSection
	GlobalSection(NestedProjects) = preSolution
		{AF2D23B3-5494-46B7-A617-89E1DA8514EE} = {29023AFB-F4E5-4088-BB92-3EDDAD30DD77}
		{3101277B-B7D3-40D3-A9D8-6A1CFA68FF53} = {A6F98EEB-4AF8-463D-A966-38E2261A6A46}
		{3143B976-6447-4337-A868-5457CEC540ED} = {A6F98EEB-4AF8-463D-A966-38E2261A6A46}
		{1E5949F1-8E52-4791-8FBE-CE38DBD00DC5} = {29023AFB-F4E5-4088-BB92-3EDDAD30DD77}
		{5990E15A-7239-4B4A-B59B-495C73063B4B} = {A6F98EEB-4AF8-463D-A966-38E2261A6A46}
		{204F4DFB-54F9-414B-A34F-BC6214E4204F} = {29023AFB-F4E5-4088-BB92-3EDDAD30DD77}
		{722E54FE-CE5A-460E-B74B-0410443A13F2} = {A6F98EEB-4AF8-463D-A966-38E2261A6A46}
	EndGlobalSection
	GlobalSection(ExtensibilityGlobals) = postSolution
		EnterpriseLibraryConfigurationToolBinariesPath = packages\TransientFaultHandling.Core.5.1.1209.1\lib\NET4
	EndGlobalSection
EndGlobal
